
Microsoft Visual Studio Solution File, Format Version 12.00
# Visual Studio 15
VisualStudioVersion = 15.0.27703.2026
MinimumVisualStudioVersion = 10.0.40219.1
Project("{FAE04EC0-301F-11D3-BF4B-00C04F79EFBC}") = "wpf_project", "wpf_project.csproj", "{332473A5-7591-4751-AB50-75A840705458}"
EndProject
Project("{FAE04EC0-301F-11D3-BF4B-00C04F79EFBC}") = "SerialPortTestApp", "..\SerialPortTestApp\SerialPortTestApp.csproj", "{34E54BE5-E129-43E0-BC29-7279D5565BE6}"
EndProject
Global
	GlobalSection(SolutionConfigurationPlatforms) = preSolution
		Debug|Any CPU = Debug|Any CPU
		Release|Any CPU = Release|Any CPU
	EndGlobalSection
	GlobalSection(ProjectConfigurationPlatforms) = postSolution
		{332473A5-7591-4751-AB50-75A840705458}.Debug|Any CPU.ActiveCfg = Debug|Any CPU
		{332473A5-7591-4751-AB50-75A840705458}.Debug|Any CPU.Build.0 = Debug|Any CPU
		{332473A5-7591-4751-AB50-75A840705458}.Release|Any CPU.ActiveCfg = Release|Any CPU
		{332473A5-7591-4751-AB50-75A840705458}.Release|Any CPU.Build.0 = Release|Any CPU
		{34E54BE5-E129-43E0-BC29-7279D5565BE6}.Debug|Any CPU.ActiveCfg = Debug|Any CPU
		{34E54BE5-E129-43E0-BC29-7279D5565BE6}.Debug|Any CPU.Build.0 = Debug|Any CPU
		{34E54BE5-E129-43E0-BC29-7279D5565BE6}.Release|Any CPU.ActiveCfg = Release|Any CPU
		{34E54BE5-E129-43E0-BC29-7279D5565BE6}.Release|Any CPU.Build.0 = Release|Any CPU
	EndGlobalSection
	GlobalSection(SolutionProperties) = preSolution
		HideSolutionNode = FALSE
	EndGlobalSection
	GlobalSection(ExtensibilityGlobals) = postSolution
		SolutionGuid = {42205ECF-CC21-43C0-991F-97BC21A7A785}
	EndGlobalSection
EndGlobal
